
Microsoft Visual Studio Solution File, Format Version 12.00
# Visual Studio Version 16
VisualStudioVersion = 16.0.29503.13
MinimumVisualStudioVersion = 10.0.40219.1
Project("{FAE04EC0-301F-11D3-BF4B-00C04F79EFBC}") = "LLFCWebFormAPI", "LLFCWebFormAPI\LLFCWebFormAPI.csproj", "{BFFB4352-1343-481C-B520-0F4C38184E69}"
EndProject
Global
	GlobalSection(SolutionConfigurationPlatforms) = preSolution
		Debug|Any CPU = Debug|Any CPU
		Release|Any CPU = Release|Any CPU
	EndGlobalSection
	GlobalSection(ProjectConfigurationPlatforms) = postSolution
		{BFFB4352-1343-481C-B520-0F4C38184E69}.Debug|Any CPU.ActiveCfg = Debug|Any CPU
		{BFFB4352-1343-481C-B520-0F4C38184E69}.Debug|Any CPU.Build.0 = Debug|Any CPU
		{BFFB4352-1343-481C-B520-0F4C38184E69}.Release|Any CPU.ActiveCfg = Release|Any CPU
		{BFFB4352-1343-481C-B520-0F4C38184E69}.Release|Any CPU.Build.0 = Release|Any CPU
	EndGlobalSection
	GlobalSection(SolutionProperties) = preSolution
		HideSolutionNode = FALSE
	EndGlobalSection
	GlobalSection(ExtensibilityGlobals) = postSolution
		SolutionGuid = {A87AD91B-0DCD-4195-AF0D-D8310BB784F6}
	EndGlobalSection
EndGlobal
